
Microsoft Visual Studio Solution File, Format Version 12.00
# Visual Studio Version 16
VisualStudioVersion = 16.0.30621.155
MinimumVisualStudioVersion = 10.0.40219.1
Project("{9A19103F-16F7-4668-BE54-9A1E7A4F7556}") = "TwentyFortyEight", "TwentyFortyEight\TwentyFortyEight.csproj", "{6F14B6C6-B438-478A-A7C0-E4866C5CD613}"
EndProject
Project("{FAE04EC0-301F-11D3-BF4B-00C04F79EFBC}") = "TwentyFortyEightUnitTest", "TwentyFortyEightUnitTest\TwentyFortyEightUnitTest.csproj", "{F82A5C53-FCC7-406A-85EE-E96D2858679F}"
EndProject
Global
	GlobalSection(SolutionConfigurationPlatforms) = preSolution
		Debug|Any CPU = Debug|Any CPU
		Release|Any CPU = Release|Any CPU
	EndGlobalSection
	GlobalSection(ProjectConfigurationPlatforms) = postSolution
		{6F14B6C6-B438-478A-A7C0-E4866C5CD613}.Debug|Any CPU.ActiveCfg = Debug|Any CPU
		{6F14B6C6-B438-478A-A7C0-E4866C5CD613}.Debug|Any CPU.Build.0 = Debug|Any CPU
		{6F14B6C6-B438-478A-A7C0-E4866C5CD613}.Release|Any CPU.ActiveCfg = Release|Any CPU
		{6F14B6C6-B438-478A-A7C0-E4866C5CD613}.Release|Any CPU.Build.0 = Release|Any CPU
		{F82A5C53-FCC7-406A-85EE-E96D2858679F}.Debug|Any CPU.ActiveCfg = Debug|Any CPU
		{F82A5C53-FCC7-406A-85EE-E96D2858679F}.Debug|Any CPU.Build.0 = Debug|Any CPU
		{F82A5C53-FCC7-406A-85EE-E96D2858679F}.Release|Any CPU.ActiveCfg = Release|Any CPU
		{F82A5C53-FCC7-406A-85EE-E96D2858679F}.Release|Any CPU.Build.0 = Release|Any CPU
	EndGlobalSection
	GlobalSection(SolutionProperties) = preSolution
		HideSolutionNode = FALSE
	EndGlobalSection
	GlobalSection(ExtensibilityGlobals) = postSolution
		SolutionGuid = {88E40889-0024-4F1D-B345-91B7B4E54E59}
	EndGlobalSection
EndGlobal
